
Microsoft Visual Studio Solution File, Format Version 12.00
# Visual Studio 14
VisualStudioVersion = 14.0.24720.0
MinimumVisualStudioVersion = 10.0.40219.1
Project("{FAE04EC0-301F-11D3-BF4B-00C04F79EFBC}") = "SSW.DataOnion.Core", "..\SSW.DataOnion.Core\SSW.DataOnion.Core.csproj", "{55F9BFC0-3684-40E5-8F1A-F5ED8548234C}"
EndProject
Project("{FAE04EC0-301F-11D3-BF4B-00C04F79EFBC}") = "SSW.DataOnion.EF6", "..\SSW.DataOnion.EF6\SSW.DataOnion.EF6.csproj", "{FB2365A0-D9EC-4D03-8E79-3FC6557E64D5}"
EndProject
Project("{FAE04EC0-301F-11D3-BF4B-00C04F79EFBC}") = "SSW.DataOnion.EF6.DbContextGenerator", "..\SSW.DataOnion.EF6.DbContextGenerator\SSW.DataOnion.EF6.DbContextGenerator.csproj", "{07AF38CB-742D-403C-A2D0-3C3631DE3534}"
EndProject
Project("{FAE04EC0-301F-11D3-BF4B-00C04F79EFBC}") = "SSW.DataOnion.EF6.RepositoriesGenerator", "..\SSW.DataOnion.EF6.RepositoriesGenerator\SSW.DataOnion.EF6.RepositoriesGenerator.csproj", "{E38E6952-968E-47FB-82CF-0DDF38E5CF2D}"
EndProject
Project("{FAE04EC0-301F-11D3-BF4B-00C04F79EFBC}") = "SSW.DataOnion.RepositoryInterfaceGenerator", "..\SSW.DataOnion.RepositoryInterfaceGenerator\SSW.DataOnion.RepositoryInterfaceGenerator.csproj", "{DAD17910-1555-450C-8625-45D173205E06}"
EndProject
Global
	GlobalSection(SolutionConfigurationPlatforms) = preSolution
		Debug|Any CPU = Debug|Any CPU
		PreProd|Any CPU = PreProd|Any CPU
		Release|Any CPU = Release|Any CPU
	EndGlobalSection
	GlobalSection(ProjectConfigurationPlatforms) = postSolution
		{55F9BFC0-3684-40E5-8F1A-F5ED8548234C}.Debug|Any CPU.ActiveCfg = Debug|Any CPU
		{55F9BFC0-3684-40E5-8F1A-F5ED8548234C}.Debug|Any CPU.Build.0 = Debug|Any CPU
		{55F9BFC0-3684-40E5-8F1A-F5ED8548234C}.PreProd|Any CPU.ActiveCfg = PreProd|Any CPU
		{55F9BFC0-3684-40E5-8F1A-F5ED8548234C}.PreProd|Any CPU.Build.0 = PreProd|Any CPU
		{55F9BFC0-3684-40E5-8F1A-F5ED8548234C}.Release|Any CPU.ActiveCfg = Release|Any CPU
		{55F9BFC0-3684-40E5-8F1A-F5ED8548234C}.Release|Any CPU.Build.0 = Release|Any CPU
		{FB2365A0-D9EC-4D03-8E79-3FC6557E64D5}.Debug|Any CPU.ActiveCfg = Debug|Any CPU
		{FB2365A0-D9EC-4D03-8E79-3FC6557E64D5}.Debug|Any CPU.Build.0 = Debug|Any CPU
		{FB2365A0-D9EC-4D03-8E79-3FC6557E64D5}.PreProd|Any CPU.ActiveCfg = PreProd|Any CPU
		{FB2365A0-D9EC-4D03-8E79-3FC6557E64D5}.PreProd|Any CPU.Build.0 = PreProd|Any CPU
		{FB2365A0-D9EC-4D03-8E79-3FC6557E64D5}.Release|Any CPU.ActiveCfg = Release|Any CPU
		{FB2365A0-D9EC-4D03-8E79-3FC6557E64D5}.Release|Any CPU.Build.0 = Release|Any CPU
		{07AF38CB-742D-403C-A2D0-3C3631DE3534}.Debug|Any CPU.ActiveCfg = Debug|Any CPU
		{07AF38CB-742D-403C-A2D0-3C3631DE3534}.Debug|Any CPU.Build.0 = Debug|Any CPU
		{07AF38CB-742D-403C-A2D0-3C3631DE3534}.PreProd|Any CPU.ActiveCfg = PreProd|Any CPU
		{07AF38CB-742D-403C-A2D0-3C3631DE3534}.PreProd|Any CPU.Build.0 = PreProd|Any CPU
		{07AF38CB-742D-403C-A2D0-3C3631DE3534}.Release|Any CPU.ActiveCfg = Release|Any CPU
		{07AF38CB-742D-403C-A2D0-3C3631DE3534}.Release|Any CPU.Build.0 = Release|Any CPU
		{E38E6952-968E-47FB-82CF-0DDF38E5CF2D}.Debug|Any CPU.ActiveCfg = Debug|Any CPU
		{E38E6952-968E-47FB-82CF-0DDF38E5CF2D}.Debug|Any CPU.Build.0 = Debug|Any CPU
		{E38E6952-968E-47FB-82CF-0DDF38E5CF2D}.PreProd|Any CPU.ActiveCfg = PreProd|Any CPU
		{E38E6952-968E-47FB-82CF-0DDF38E5CF2D}.PreProd|Any CPU.Build.0 = PreProd|Any CPU
		{E38E6952-968E-47FB-82CF-0DDF38E5CF2D}.Release|Any CPU.ActiveCfg = Release|Any CPU
		{E38E6952-968E-47FB-82CF-0DDF38E5CF2D}.Release|Any CPU.Build.0 = Release|Any CPU
		{DAD17910-1555-450C-8625-45D173205E06}.Debug|Any CPU.ActiveCfg = Debug|Any CPU
		{DAD17910-1555-450C-8625-45D173205E06}.Debug|Any CPU.Build.0 = Debug|Any CPU
		{DAD17910-1555-450C-8625-45D173205E06}.PreProd|Any CPU.ActiveCfg = PreProd|Any CPU
		{DAD17910-1555-450C-8625-45D173205E06}.PreProd|Any CPU.Build.0 = PreProd|Any CPU
		{DAD17910-1555-450C-8625-45D173205E06}.Release|Any CPU.ActiveCfg = Release|Any CPU
		{DAD17910-1555-450C-8625-45D173205E06}.Release|Any CPU.Build.0 = Release|Any CPU
	EndGlobalSection
	GlobalSection(SolutionProperties) = preSolution
		HideSolutionNode = FALSE
	EndGlobalSection
EndGlobal
