
Microsoft Visual Studio Solution File, Format Version 12.00
# Visual Studio 14
VisualStudioVersion = 14.0.24720.0
MinimumVisualStudioVersion = 10.0.40219.1
Project("{2150E333-8FDC-42A3-9474-1A3956D46DE8}") = "src", "src", "{354B405F-AF0C-43F4-ACEA-9CDCCCD29645}"
EndProject
Project("{8BB2217D-0F2D-49D1-97BC-3654ED321F3B}") = "SSW.DataOnion.Core", "SSW.DataOnion\src\SSW.DataOnion.Core\SSW.DataOnion.Core.xproj", "{B92B53C1-52ED-421D-93E5-A60328D6C648}"
EndProject
Project("{8BB2217D-0F2D-49D1-97BC-3654ED321F3B}") = "SSW.DataOnion.DependencyResolution.Autofac", "SSW.DataOnion\src\SSW.DataOnion.DependencyResolution.Autofac\SSW.DataOnion.DependencyResolution.Autofac.xproj", "{F5B9127F-ECDC-4A3B-AA35-8E0606B38C13}"
EndProject
Project("{8BB2217D-0F2D-49D1-97BC-3654ED321F3B}") = "SSW.DataOnion.DependencyResolution.Microsoft", "SSW.DataOnion\src\SSW.DataOnion.DependencyResolution.Microsoft\SSW.DataOnion.DependencyResolution.Microsoft.xproj", "{435B2258-08C3-43BC-9B78-EC56309194AA}"
EndProject
Project("{8BB2217D-0F2D-49D1-97BC-3654ED321F3B}") = "SSW.DataOnion.Interfaces", "SSW.DataOnion\src\SSW.DataOnion.Interfaces\SSW.DataOnion.Interfaces.xproj", "{05D85A5D-AE93-442C-BF17-C9228675D446}"
EndProject
Project("{8BB2217D-0F2D-49D1-97BC-3654ED321F3B}") = "SSW.DataOnion.CodeGenerator", "SSW.DataOnion\src\SSW.DataOnion.CodeGenerator\SSW.DataOnion.CodeGenerator.xproj", "{934A9C69-D2C8-4B99-B992-A0D80472EBB1}"
EndProject
Project("{8BB2217D-0F2D-49D1-97BC-3654ED321F3B}") = "SSW.DataOnion.CodeGenerator.Tests.Unit", "SSW.DataOnion\src\SSW.DataOnion.CodeGenerator.Tests.Unit\SSW.DataOnion.CodeGenerator.Tests.Unit.xproj", "{53635CD9-5FDF-4E5F-B039-2B736547A5BC}"
EndProject
Project("{2150E333-8FDC-42A3-9474-1A3956D46DE8}") = "sample", "sample", "{B6656D2C-332A-4BFB-8DF7-84F1EFF31C9F}"
EndProject
Project("{8BB2217D-0F2D-49D1-97BC-3654ED321F3B}") = "SSW.DataOnion.Sample.Entities", "SSW.DataOnion\sample\SSW.DataOnion.Sample.Entities\SSW.DataOnion.Sample.Entities.xproj", "{EF78E68F-7B47-4B61-9560-A91098FFCFD5}"
EndProject
Project("{8BB2217D-0F2D-49D1-97BC-3654ED321F3B}") = "SSW.DataOnion.Sample.Data", "SSW.DataOnion\sample\SSW.DataOnion.Sample.Data\SSW.DataOnion.Sample.Data.xproj", "{EAA2C7C8-0A3E-49E1-8357-63E50F130360}"
EndProject
Project("{8BB2217D-0F2D-49D1-97BC-3654ED321F3B}") = "SSW.DataOnion.Sample.WebUI", "SSW.DataOnion\sample\SSW.DataOnion.Sample.WebUI\SSW.DataOnion.Sample.WebUI.xproj", "{1CB2DE43-9526-4057-8B4E-8E50C668B20F}"
EndProject
Project("{2150E333-8FDC-42A3-9474-1A3956D46DE8}") = "Solution Items", "Solution Items", "{992BD2AD-CB7D-43D1-9977-A4D733107FF6}"
	ProjectSection(SolutionItems) = preProject
		global.json = global.json
		README.md = README.md
	EndProjectSection
EndProject
Project("{8BB2217D-0F2D-49D1-97BC-3654ED321F3B}") = "SSW.DataOnion.Core.Tests.Unit", "SSW.DataOnion\src\SSW.DataOnion.Core.Tests.Unit\SSW.DataOnion.Core.Tests.Unit.xproj", "{4F302C73-DEA4-4021-8C78-B06B4FA2B6CD}"
EndProject
Global
	GlobalSection(SolutionConfigurationPlatforms) = preSolution
		Debug|Any CPU = Debug|Any CPU
		Release|Any CPU = Release|Any CPU
	EndGlobalSection
	GlobalSection(ProjectConfigurationPlatforms) = postSolution
		{B92B53C1-52ED-421D-93E5-A60328D6C648}.Debug|Any CPU.ActiveCfg = Debug|Any CPU
		{B92B53C1-52ED-421D-93E5-A60328D6C648}.Debug|Any CPU.Build.0 = Debug|Any CPU
		{B92B53C1-52ED-421D-93E5-A60328D6C648}.Release|Any CPU.ActiveCfg = Release|Any CPU
		{B92B53C1-52ED-421D-93E5-A60328D6C648}.Release|Any CPU.Build.0 = Release|Any CPU
		{F5B9127F-ECDC-4A3B-AA35-8E0606B38C13}.Debug|Any CPU.ActiveCfg = Debug|Any CPU
		{F5B9127F-ECDC-4A3B-AA35-8E0606B38C13}.Debug|Any CPU.Build.0 = Debug|Any CPU
		{F5B9127F-ECDC-4A3B-AA35-8E0606B38C13}.Release|Any CPU.ActiveCfg = Release|Any CPU
		{F5B9127F-ECDC-4A3B-AA35-8E0606B38C13}.Release|Any CPU.Build.0 = Release|Any CPU
		{435B2258-08C3-43BC-9B78-EC56309194AA}.Debug|Any CPU.ActiveCfg = Debug|Any CPU
		{435B2258-08C3-43BC-9B78-EC56309194AA}.Debug|Any CPU.Build.0 = Debug|Any CPU
		{435B2258-08C3-43BC-9B78-EC56309194AA}.Release|Any CPU.ActiveCfg = Release|Any CPU
		{435B2258-08C3-43BC-9B78-EC56309194AA}.Release|Any CPU.Build.0 = Release|Any CPU
		{05D85A5D-AE93-442C-BF17-C9228675D446}.Debug|Any CPU.ActiveCfg = Debug|Any CPU
		{05D85A5D-AE93-442C-BF17-C9228675D446}.Debug|Any CPU.Build.0 = Debug|Any CPU
		{05D85A5D-AE93-442C-BF17-C9228675D446}.Release|Any CPU.ActiveCfg = Release|Any CPU
		{05D85A5D-AE93-442C-BF17-C9228675D446}.Release|Any CPU.Build.0 = Release|Any CPU
		{934A9C69-D2C8-4B99-B992-A0D80472EBB1}.Debug|Any CPU.ActiveCfg = Debug|Any CPU
		{934A9C69-D2C8-4B99-B992-A0D80472EBB1}.Debug|Any CPU.Build.0 = Debug|Any CPU
		{934A9C69-D2C8-4B99-B992-A0D80472EBB1}.Release|Any CPU.ActiveCfg = Release|Any CPU
		{934A9C69-D2C8-4B99-B992-A0D80472EBB1}.Release|Any CPU.Build.0 = Release|Any CPU
		{53635CD9-5FDF-4E5F-B039-2B736547A5BC}.Debug|Any CPU.ActiveCfg = Debug|Any CPU
		{53635CD9-5FDF-4E5F-B039-2B736547A5BC}.Debug|Any CPU.Build.0 = Debug|Any CPU
		{53635CD9-5FDF-4E5F-B039-2B736547A5BC}.Release|Any CPU.ActiveCfg = Release|Any CPU
		{53635CD9-5FDF-4E5F-B039-2B736547A5BC}.Release|Any CPU.Build.0 = Release|Any CPU
		{EF78E68F-7B47-4B61-9560-A91098FFCFD5}.Debug|Any CPU.ActiveCfg = Debug|Any CPU
		{EF78E68F-7B47-4B61-9560-A91098FFCFD5}.Debug|Any CPU.Build.0 = Debug|Any CPU
		{EF78E68F-7B47-4B61-9560-A91098FFCFD5}.Release|Any CPU.ActiveCfg = Release|Any CPU
		{EF78E68F-7B47-4B61-9560-A91098FFCFD5}.Release|Any CPU.Build.0 = Release|Any CPU
		{EAA2C7C8-0A3E-49E1-8357-63E50F130360}.Debug|Any CPU.ActiveCfg = Debug|Any CPU
		{EAA2C7C8-0A3E-49E1-8357-63E50F130360}.Debug|Any CPU.Build.0 = Debug|Any CPU
		{EAA2C7C8-0A3E-49E1-8357-63E50F130360}.Release|Any CPU.ActiveCfg = Release|Any CPU
		{EAA2C7C8-0A3E-49E1-8357-63E50F130360}.Release|Any CPU.Build.0 = Release|Any CPU
		{1CB2DE43-9526-4057-8B4E-8E50C668B20F}.Debug|Any CPU.ActiveCfg = Debug|Any CPU
		{1CB2DE43-9526-4057-8B4E-8E50C668B20F}.Debug|Any CPU.Build.0 = Debug|Any CPU
		{1CB2DE43-9526-4057-8B4E-8E50C668B20F}.Release|Any CPU.ActiveCfg = Release|Any CPU
		{1CB2DE43-9526-4057-8B4E-8E50C668B20F}.Release|Any CPU.Build.0 = Release|Any CPU
		{4F302C73-DEA4-4021-8C78-B06B4FA2B6CD}.Debug|Any CPU.ActiveCfg = Debug|Any CPU
		{4F302C73-DEA4-4021-8C78-B06B4FA2B6CD}.Debug|Any CPU.Build.0 = Debug|Any CPU
		{4F302C73-DEA4-4021-8C78-B06B4FA2B6CD}.Release|Any CPU.ActiveCfg = Release|Any CPU
		{4F302C73-DEA4-4021-8C78-B06B4FA2B6CD}.Release|Any CPU.Build.0 = Release|Any CPU
	EndGlobalSection
	GlobalSection(SolutionProperties) = preSolution
		HideSolutionNode = FALSE
	EndGlobalSection
	GlobalSection(NestedProjects) = preSolution
		{B92B53C1-52ED-421D-93E5-A60328D6C648} = {354B405F-AF0C-43F4-ACEA-9CDCCCD29645}
		{F5B9127F-ECDC-4A3B-AA35-8E0606B38C13} = {354B405F-AF0C-43F4-ACEA-9CDCCCD29645}
		{435B2258-08C3-43BC-9B78-EC56309194AA} = {354B405F-AF0C-43F4-ACEA-9CDCCCD29645}
		{05D85A5D-AE93-442C-BF17-C9228675D446} = {354B405F-AF0C-43F4-ACEA-9CDCCCD29645}
		{934A9C69-D2C8-4B99-B992-A0D80472EBB1} = {354B405F-AF0C-43F4-ACEA-9CDCCCD29645}
		{53635CD9-5FDF-4E5F-B039-2B736547A5BC} = {354B405F-AF0C-43F4-ACEA-9CDCCCD29645}
		{EF78E68F-7B47-4B61-9560-A91098FFCFD5} = {B6656D2C-332A-4BFB-8DF7-84F1EFF31C9F}
		{EAA2C7C8-0A3E-49E1-8357-63E50F130360} = {B6656D2C-332A-4BFB-8DF7-84F1EFF31C9F}
		{1CB2DE43-9526-4057-8B4E-8E50C668B20F} = {B6656D2C-332A-4BFB-8DF7-84F1EFF31C9F}
		{4F302C73-DEA4-4021-8C78-B06B4FA2B6CD} = {354B405F-AF0C-43F4-ACEA-9CDCCCD29645}
	EndGlobalSection
EndGlobal
